
Microsoft Visual Studio Solution File, Format Version 12.00
# Visual Studio Version 17
VisualStudioVersion = 17.1.32421.90
MinimumVisualStudioVersion = 10.0.40219.1
Project("{8BC9CEB8-8B4A-11D0-8D11-00A0C91BC942}") = "Quicksort", "Quicksort\Quicksort.vcxproj", "{BE3BD7C1-63B5-4DBD-A999-52F39D8F0BB8}"
EndProject
Project("{8BC9CEB8-8B4A-11D0-8D11-00A0C91BC942}") = "QuicksortTest", "QuicksortTest\QuicksortTest.vcxproj", "{FEF52314-5023-4FA5-AE4D-AAF9C099B6BF}"
EndProject
Global
	GlobalSection(SolutionConfigurationPlatforms) = preSolution
		Debug|x64 = Debug|x64
		Debug|x86 = Debug|x86
		Release|x64 = Release|x64
		Release|x86 = Release|x86
	EndGlobalSection
	GlobalSection(ProjectConfigurationPlatforms) = postSolution
		{BE3BD7C1-63B5-4DBD-A999-52F39D8F0BB8}.Debug|x64.ActiveCfg = Debug|x64
		{BE3BD7C1-63B5-4DBD-A999-52F39D8F0BB8}.Debug|x64.Build.0 = Debug|x64
		{BE3BD7C1-63B5-4DBD-A999-52F39D8F0BB8}.Debug|x86.ActiveCfg = Debug|Win32
		{BE3BD7C1-63B5-4DBD-A999-52F39D8F0BB8}.Debug|x86.Build.0 = Debug|Win32
		{BE3BD7C1-63B5-4DBD-A999-52F39D8F0BB8}.Release|x64.ActiveCfg = Release|x64
		{BE3BD7C1-63B5-4DBD-A999-52F39D8F0BB8}.Release|x64.Build.0 = Release|x64
		{BE3BD7C1-63B5-4DBD-A999-52F39D8F0BB8}.Release|x86.ActiveCfg = Release|Win32
		{BE3BD7C1-63B5-4DBD-A999-52F39D8F0BB8}.Release|x86.Build.0 = Release|Win32
		{FEF52314-5023-4FA5-AE4D-AAF9C099B6BF}.Debug|x64.ActiveCfg = Debug|x64
		{FEF52314-5023-4FA5-AE4D-AAF9C099B6BF}.Debug|x64.Build.0 = Debug|x64
		{FEF52314-5023-4FA5-AE4D-AAF9C099B6BF}.Debug|x86.ActiveCfg = Debug|Win32
		{FEF52314-5023-4FA5-AE4D-AAF9C099B6BF}.Debug|x86.Build.0 = Debug|Win32
		{FEF52314-5023-4FA5-AE4D-AAF9C099B6BF}.Release|x64.ActiveCfg = Release|x64
		{FEF52314-5023-4FA5-AE4D-AAF9C099B6BF}.Release|x64.Build.0 = Release|x64
		{FEF52314-5023-4FA5-AE4D-AAF9C099B6BF}.Release|x86.ActiveCfg = Release|Win32
		{FEF52314-5023-4FA5-AE4D-AAF9C099B6BF}.Release|x86.Build.0 = Release|Win32
	EndGlobalSection
	GlobalSection(SolutionProperties) = preSolution
		HideSolutionNode = FALSE
	EndGlobalSection
	GlobalSection(ExtensibilityGlobals) = postSolution
		SolutionGuid = {85D4FEBB-1C06-4FB7-AAE2-A68DD73F4886}
	EndGlobalSection
EndGlobal
